
Microsoft Visual Studio Solution File, Format Version 12.00
# Visual Studio Version 16
VisualStudioVersion = 16.0.30204.135
MinimumVisualStudioVersion = 10.0.40219.1
Project("{FAE04EC0-301F-11D3-BF4B-00C04F79EFBC}") = "GmicSharpCLIExample", "GmicSharpCLIExample.csproj", "{EC24B11E-557F-452C-893E-CABA4692673E}"
EndProject
Global
	GlobalSection(SolutionConfigurationPlatforms) = preSolution
		Debug|Any CPU = Debug|Any CPU
		Release|Any CPU = Release|Any CPU
	EndGlobalSection
	GlobalSection(ProjectConfigurationPlatforms) = postSolution
		{EC24B11E-557F-452C-893E-CABA4692673E}.Debug|Any CPU.ActiveCfg = Debug|Any CPU
		{EC24B11E-557F-452C-893E-CABA4692673E}.Debug|Any CPU.Build.0 = Debug|Any CPU
		{EC24B11E-557F-452C-893E-CABA4692673E}.Release|Any CPU.ActiveCfg = Release|Any CPU
		{EC24B11E-557F-452C-893E-CABA4692673E}.Release|Any CPU.Build.0 = Release|Any CPU
	EndGlobalSection
	GlobalSection(SolutionProperties) = preSolution
		HideSolutionNode = FALSE
	EndGlobalSection
	GlobalSection(ExtensibilityGlobals) = postSolution
		SolutionGuid = {90E31EE5-C9B0-46B3-8561-1E7EC95E2A48}
	EndGlobalSection
EndGlobal
